
Microsoft Visual Studio Solution File, Format Version 12.00
# Visual Studio Version 17
VisualStudioVersion = 17.4.33205.214
MinimumVisualStudioVersion = 10.0.40219.1
Project("{FAE04EC0-301F-11D3-BF4B-00C04F79EFBC}") = "func 3 wicht Nikolay", "func 3 wicht Nikolay\func 3 wicht Nikolay.csproj", "{63187CBB-9B43-4602-932A-7A4696B1849B}"
EndProject
Global
	GlobalSection(SolutionConfigurationPlatforms) = preSolution
		Debug|Any CPU = Debug|Any CPU
		Release|Any CPU = Release|Any CPU
	EndGlobalSection
	GlobalSection(ProjectConfigurationPlatforms) = postSolution
		{63187CBB-9B43-4602-932A-7A4696B1849B}.Debug|Any CPU.ActiveCfg = Debug|Any CPU
		{63187CBB-9B43-4602-932A-7A4696B1849B}.Debug|Any CPU.Build.0 = Debug|Any CPU
		{63187CBB-9B43-4602-932A-7A4696B1849B}.Release|Any CPU.ActiveCfg = Release|Any CPU
		{63187CBB-9B43-4602-932A-7A4696B1849B}.Release|Any CPU.Build.0 = Release|Any CPU
	EndGlobalSection
	GlobalSection(SolutionProperties) = preSolution
		HideSolutionNode = FALSE
	EndGlobalSection
	GlobalSection(ExtensibilityGlobals) = postSolution
		SolutionGuid = {D954CB52-4033-4055-93D4-B753C1A6333E}
	EndGlobalSection
EndGlobal
